
Microsoft Visual Studio Solution File, Format Version 12.00
# Visual Studio Version 17
VisualStudioVersion = 17.2.32616.157
MinimumVisualStudioVersion = 10.0.40219.1
Project("{9A19103F-16F7-4668-BE54-9A1E7A4F7556}") = "Products_CRUD_Microservice.API.Products", "Products-CRUD_Microservice\Products_CRUD_Microservice.API.Products.csproj", "{52069664-E36B-4CF9-B2B5-23FB84BDE69E}"
EndProject
Project("{9A19103F-16F7-4668-BE54-9A1E7A4F7556}") = "Products_CRUD_Microservice.Models.Products", "Products_CRUD_Microservice.Models.Products\Products_CRUD_Microservice.Models.Products.csproj", "{E0C86027-9D1C-4B6A-A86C-70086802C63B}"
EndProject
Project("{9A19103F-16F7-4668-BE54-9A1E7A4F7556}") = "Products_CRUD_Microservice.Constants.Products", "Products_CRUD_Microservice.Constants.Products\Products_CRUD_Microservice.Constants.Products.csproj", "{D71C5D3C-5DCA-4412-B845-36F948A31857}"
EndProject
Project("{9A19103F-16F7-4668-BE54-9A1E7A4F7556}") = "Products_CRUD_Microservice.SwaggerVersion", "Products_CRUD_Microservice.SwaggerVersion\Products_CRUD_Microservice.SwaggerVersion.csproj", "{DBB5A6F4-0AA7-400D-8955-5CD8BB70A9B4}"
EndProject
Project("{9A19103F-16F7-4668-BE54-9A1E7A4F7556}") = "Products_CRUD_Microservice.Repository.Products", "Products_CRUD_Microservice.Repository.Products\Products_CRUD_Microservice.Repository.Products.csproj", "{D667DDF7-C007-4B1F-8F07-1B07A7881F10}"
EndProject
Project("{9A19103F-16F7-4668-BE54-9A1E7A4F7556}") = "Products_CRUD_Microservice.DbContexts.Products", "Products_CRUD_Microservice.DbContexts.Products\Products_CRUD_Microservice.DbContexts.Products.csproj", "{FA506A50-FBFD-4B58-8236-9036C796860B}"
EndProject
Project("{9A19103F-16F7-4668-BE54-9A1E7A4F7556}") = "Products_CRUD_Microservice.Migrations.Products", "Products_CRUD_Microservice.Migrations.Products\Products_CRUD_Microservice.Migrations.Products.csproj", "{04A393BB-F6A4-4E8C-8B77-3D911E3F8B00}"
EndProject
Project("{9A19103F-16F7-4668-BE54-9A1E7A4F7556}") = "Products_CRUD_Microservice.Repository", "Products_CRUD_Microservice.Repository\Products_CRUD_Microservice.Repository.csproj", "{5D720881-8975-43AE-BD80-59BB68A58BCD}"
EndProject
Project("{9A19103F-16F7-4668-BE54-9A1E7A4F7556}") = "Products-CRUD_Microservice.Services.Products", "Products-CRUD_Microservice.Services.Products\Products-CRUD_Microservice.Services.Products.csproj", "{5A7F51C4-2D13-4D26-8873-FB02F91AF9FF}"
EndProject
Project("{9A19103F-16F7-4668-BE54-9A1E7A4F7556}") = "Products_CRUD_Microservice.Services", "Products_CRUD_Microservice.Services\Products_CRUD_Microservice.Services.csproj", "{8746DB12-DBD4-4885-A447-9BF33750E840}"
EndProject
Project("{FAE04EC0-301F-11D3-BF4B-00C04F79EFBC}") = "Products_CRUD_Microservice.Utils", "Products_CRUD_Microservice.Utils\Products_CRUD_Microservice.Utils.csproj", "{872A1021-E856-4DF7-8CA2-2AD1AECA211C}"
EndProject
Global
	GlobalSection(SolutionConfigurationPlatforms) = preSolution
		Debug|Any CPU = Debug|Any CPU
		Release|Any CPU = Release|Any CPU
	EndGlobalSection
	GlobalSection(ProjectConfigurationPlatforms) = postSolution
		{52069664-E36B-4CF9-B2B5-23FB84BDE69E}.Debug|Any CPU.ActiveCfg = Debug|Any CPU
		{52069664-E36B-4CF9-B2B5-23FB84BDE69E}.Debug|Any CPU.Build.0 = Debug|Any CPU
		{52069664-E36B-4CF9-B2B5-23FB84BDE69E}.Release|Any CPU.ActiveCfg = Release|Any CPU
		{52069664-E36B-4CF9-B2B5-23FB84BDE69E}.Release|Any CPU.Build.0 = Release|Any CPU
		{E0C86027-9D1C-4B6A-A86C-70086802C63B}.Debug|Any CPU.ActiveCfg = Debug|Any CPU
		{E0C86027-9D1C-4B6A-A86C-70086802C63B}.Debug|Any CPU.Build.0 = Debug|Any CPU
		{E0C86027-9D1C-4B6A-A86C-70086802C63B}.Release|Any CPU.ActiveCfg = Release|Any CPU
		{E0C86027-9D1C-4B6A-A86C-70086802C63B}.Release|Any CPU.Build.0 = Release|Any CPU
		{D71C5D3C-5DCA-4412-B845-36F948A31857}.Debug|Any CPU.ActiveCfg = Debug|Any CPU
		{D71C5D3C-5DCA-4412-B845-36F948A31857}.Debug|Any CPU.Build.0 = Debug|Any CPU
		{D71C5D3C-5DCA-4412-B845-36F948A31857}.Release|Any CPU.ActiveCfg = Release|Any CPU
		{D71C5D3C-5DCA-4412-B845-36F948A31857}.Release|Any CPU.Build.0 = Release|Any CPU
		{DBB5A6F4-0AA7-400D-8955-5CD8BB70A9B4}.Debug|Any CPU.ActiveCfg = Debug|Any CPU
		{DBB5A6F4-0AA7-400D-8955-5CD8BB70A9B4}.Debug|Any CPU.Build.0 = Debug|Any CPU
		{DBB5A6F4-0AA7-400D-8955-5CD8BB70A9B4}.Release|Any CPU.ActiveCfg = Release|Any CPU
		{DBB5A6F4-0AA7-400D-8955-5CD8BB70A9B4}.Release|Any CPU.Build.0 = Release|Any CPU
		{D667DDF7-C007-4B1F-8F07-1B07A7881F10}.Debug|Any CPU.ActiveCfg = Debug|Any CPU
		{D667DDF7-C007-4B1F-8F07-1B07A7881F10}.Debug|Any CPU.Build.0 = Debug|Any CPU
		{D667DDF7-C007-4B1F-8F07-1B07A7881F10}.Release|Any CPU.ActiveCfg = Release|Any CPU
		{D667DDF7-C007-4B1F-8F07-1B07A7881F10}.Release|Any CPU.Build.0 = Release|Any CPU
		{FA506A50-FBFD-4B58-8236-9036C796860B}.Debug|Any CPU.ActiveCfg = Debug|Any CPU
		{FA506A50-FBFD-4B58-8236-9036C796860B}.Debug|Any CPU.Build.0 = Debug|Any CPU
		{FA506A50-FBFD-4B58-8236-9036C796860B}.Release|Any CPU.ActiveCfg = Release|Any CPU
		{FA506A50-FBFD-4B58-8236-9036C796860B}.Release|Any CPU.Build.0 = Release|Any CPU
		{04A393BB-F6A4-4E8C-8B77-3D911E3F8B00}.Debug|Any CPU.ActiveCfg = Debug|Any CPU
		{04A393BB-F6A4-4E8C-8B77-3D911E3F8B00}.Debug|Any CPU.Build.0 = Debug|Any CPU
		{04A393BB-F6A4-4E8C-8B77-3D911E3F8B00}.Release|Any CPU.ActiveCfg = Release|Any CPU
		{04A393BB-F6A4-4E8C-8B77-3D911E3F8B00}.Release|Any CPU.Build.0 = Release|Any CPU
		{5D720881-8975-43AE-BD80-59BB68A58BCD}.Debug|Any CPU.ActiveCfg = Debug|Any CPU
		{5D720881-8975-43AE-BD80-59BB68A58BCD}.Debug|Any CPU.Build.0 = Debug|Any CPU
		{5D720881-8975-43AE-BD80-59BB68A58BCD}.Release|Any CPU.ActiveCfg = Release|Any CPU
		{5D720881-8975-43AE-BD80-59BB68A58BCD}.Release|Any CPU.Build.0 = Release|Any CPU
		{5A7F51C4-2D13-4D26-8873-FB02F91AF9FF}.Debug|Any CPU.ActiveCfg = Debug|Any CPU
		{5A7F51C4-2D13-4D26-8873-FB02F91AF9FF}.Debug|Any CPU.Build.0 = Debug|Any CPU
		{5A7F51C4-2D13-4D26-8873-FB02F91AF9FF}.Release|Any CPU.ActiveCfg = Release|Any CPU
		{5A7F51C4-2D13-4D26-8873-FB02F91AF9FF}.Release|Any CPU.Build.0 = Release|Any CPU
		{8746DB12-DBD4-4885-A447-9BF33750E840}.Debug|Any CPU.ActiveCfg = Debug|Any CPU
		{8746DB12-DBD4-4885-A447-9BF33750E840}.Debug|Any CPU.Build.0 = Debug|Any CPU
		{8746DB12-DBD4-4885-A447-9BF33750E840}.Release|Any CPU.ActiveCfg = Release|Any CPU
		{8746DB12-DBD4-4885-A447-9BF33750E840}.Release|Any CPU.Build.0 = Release|Any CPU
		{872A1021-E856-4DF7-8CA2-2AD1AECA211C}.Debug|Any CPU.ActiveCfg = Debug|Any CPU
		{872A1021-E856-4DF7-8CA2-2AD1AECA211C}.Debug|Any CPU.Build.0 = Debug|Any CPU
		{872A1021-E856-4DF7-8CA2-2AD1AECA211C}.Release|Any CPU.ActiveCfg = Release|Any CPU
		{872A1021-E856-4DF7-8CA2-2AD1AECA211C}.Release|Any CPU.Build.0 = Release|Any CPU
	EndGlobalSection
	GlobalSection(SolutionProperties) = preSolution
		HideSolutionNode = FALSE
	EndGlobalSection
	GlobalSection(ExtensibilityGlobals) = postSolution
		SolutionGuid = {AB777F06-9269-4771-BC94-3F59B0D17EA2}
	EndGlobalSection
EndGlobal
