
Microsoft Visual Studio Solution File, Format Version 12.00
# Visual Studio Version 17
VisualStudioVersion = 17.2.32616.157
MinimumVisualStudioVersion = 10.0.40219.1
Project("{9A19103F-16F7-4668-BE54-9A1E7A4F7556}") = "Products-CRUD_Microservice", "Products-CRUD_Microservice\Products-CRUD_Microservice.csproj", "{52069664-E36B-4CF9-B2B5-23FB84BDE69E}"
EndProject
Project("{FAE04EC0-301F-11D3-BF4B-00C04F79EFBC}") = "Products_CRUD_Microservice.Models.Products", "Products_CRUD_Microservice.Models.Products\Products_CRUD_Microservice.Models.Products.csproj", "{E0C86027-9D1C-4B6A-A86C-70086802C63B}"
EndProject
Project("{FAE04EC0-301F-11D3-BF4B-00C04F79EFBC}") = "Products_CRUD_Microservice.Constants.Products", "Products_CRUD_Microservice.Constants.Products\Products_CRUD_Microservice.Constants.Products.csproj", "{D71C5D3C-5DCA-4412-B845-36F948A31857}"
EndProject
Global
	GlobalSection(SolutionConfigurationPlatforms) = preSolution
		Debug|Any CPU = Debug|Any CPU
		Release|Any CPU = Release|Any CPU
	EndGlobalSection
	GlobalSection(ProjectConfigurationPlatforms) = postSolution
		{52069664-E36B-4CF9-B2B5-23FB84BDE69E}.Debug|Any CPU.ActiveCfg = Debug|Any CPU
		{52069664-E36B-4CF9-B2B5-23FB84BDE69E}.Debug|Any CPU.Build.0 = Debug|Any CPU
		{52069664-E36B-4CF9-B2B5-23FB84BDE69E}.Release|Any CPU.ActiveCfg = Release|Any CPU
		{52069664-E36B-4CF9-B2B5-23FB84BDE69E}.Release|Any CPU.Build.0 = Release|Any CPU
		{E0C86027-9D1C-4B6A-A86C-70086802C63B}.Debug|Any CPU.ActiveCfg = Debug|Any CPU
		{E0C86027-9D1C-4B6A-A86C-70086802C63B}.Debug|Any CPU.Build.0 = Debug|Any CPU
		{E0C86027-9D1C-4B6A-A86C-70086802C63B}.Release|Any CPU.ActiveCfg = Release|Any CPU
		{E0C86027-9D1C-4B6A-A86C-70086802C63B}.Release|Any CPU.Build.0 = Release|Any CPU
		{D71C5D3C-5DCA-4412-B845-36F948A31857}.Debug|Any CPU.ActiveCfg = Debug|Any CPU
		{D71C5D3C-5DCA-4412-B845-36F948A31857}.Debug|Any CPU.Build.0 = Debug|Any CPU
		{D71C5D3C-5DCA-4412-B845-36F948A31857}.Release|Any CPU.ActiveCfg = Release|Any CPU
		{D71C5D3C-5DCA-4412-B845-36F948A31857}.Release|Any CPU.Build.0 = Release|Any CPU
	EndGlobalSection
	GlobalSection(SolutionProperties) = preSolution
		HideSolutionNode = FALSE
	EndGlobalSection
	GlobalSection(ExtensibilityGlobals) = postSolution
		SolutionGuid = {AB777F06-9269-4771-BC94-3F59B0D17EA2}
	EndGlobalSection
EndGlobal
